github.com/coreos/go-systemd/v22 v22.5.0/go.mod h1:Y58oyj3AT4RCenI/lSvhwexgC+NSVTIJ3seZv2GcEnc=
github.com/davecgh/go-spew v1.1.0/go.mod h1:J7Y8YcW2NihsgmVo/mv3lAwl/skON4iLHjSsI+c5H38=
github.com/davecgh/go-spew v1.1.1 h1:vj9j/u1bqnvCEfJOwUhtlOARqs3+rkHYY13jYWTU97c=
github.com/davecgh/go-spew v1.1.1/go.mod h1:J7Y8YcW2NihsgmVo/mv3lAwl/skON4iLHjSsI+c5H38=
github.com/fatih/color v1.16.0 h1:zmkK9Ngbjj+K0yRhTVONQh1p/HknKYSlNT+vZCzyokM=
github.com/fatih/color v1.16.0/go.mod h1:fL2Sau1YI5c0pdGEVCbKQbLXB6edEj1ZgiY4NijnWvE=
github.com/go-faster/errors v0.7.0 h1:UnD/xusnfUgtEYkgRZohqL2AfmPTwv13NAJwwFFaNYc=
github.com/go-faster/errors v0.7.0/go.mod h1:5ySTjWFiphBs07IKuiL69nxdfd5+fzh1u7FPGZP2quo=
github.com/godbus/dbus/v5 v5.0.4/go.mod h1:xhWf0FNVPg57R7Z0UbKHbJfkEywrmjJnf7w5xrFpKfA=
github.com/k0kubun/pp/v3 v3.2.0 h1:h33hNTZ9nVFNP3u2Fsgz8JXiF5JINoZfFq4SvKJwNcs=
github.com/k0kubun/pp/v3 v3.2.0/go.mod h1:ODtJQbQcIRfAD3N+theGCV1m/CBxweERz2dapdz1EwA=
github.com/mattn/go-colorable v0.1.13 h1:fFA4WZxdEF4tXPZVKMLwD8oUnCTTo08duU7wxecdEvA=
github.com/mattn/go-colorable v0.1.13/go.mod h1:7S9/ev0klgBDR4GtXTXX8a3vIGJpMovkB8vQcUbaXHg=
github.com/mattn/go-isatty v0.0.16/go.mod h1:kYGgaQfpe5nmfYZH+SKPsOc2e4SrIfOl2e/yFXSvRLM=
github.com/mattn/go-isatty v0.0.19/go.mod h1:W+V8PltTTMOvKvAeJH7IuucS94S2C6jfK/D7dTCTo3Y=
github.com/mattn/go-isatty v0.0.20 h1:xfD0iDuEKnDkl03q4limB+vH+GxLEtL/jb4xVJSWWEY=
github.com/mattn/go-isatty v0.0.20/go.mod h1:W+V8PltTTMOvKvAeJH7IuucS94S2C6jfK/D7dTCTo3Y=
github.com/pkg/errors v0.9.1/go.mod h1:bwawxfHBFNV+L2hUp1rHADufV3IMtnDRdf1r5NINEl0=
github.com/pmezard/go-difflib v1.0.0 h1:4DBwDE0NGyQoBHbLQYPwSUPoCMWR5BEzIk/f1lZbAQM=
github.com/pmezard/go-difflib v1.0.0/go.mod h1:iKH77koFhYxTK1pcRnkKkqfTogsbg7gZNVY4sRDYZ/4=
github.com/rs/xid v1.5.0/go.mod h1:trrq9SKmegXys3aeAKXMUTdJsYXVwGY3RLcfgqegfbg=
github.com/rs/zerolog v1.31.0 h1:FcTR3NnLWW+NnTwwhFWiJSZr4ECLpqCm6QsEnyvbV4A=
github.com/rs/zerolog v1.31.0/go.mod h1:/7mN4D5sKwJLZQ2b/znpjC3/GQWY/xaDXUM0kKWRHss=
github.com/stretchr/objx v0.1.0/go.mod h1:HFkY916IF+rwdDfMAkV7OtwuqBVzrE8GR6GFx+wExME=
github.com/stretchr/objx v0.4.0/go.mod h1:YvHI0jy2hoMjB+UWwv71VJQ9isScKT/TqJzVSSt89Yw=
github.com/stretchr/objx v0.5.0 h1:1zr/of2m5FGMsad5YfcqgdqdWrIhu+EBEJRhR1U7z/c=
github.com/stretchr/objx v0.5.0/go.mod h1:Yh+to48EsGEfYuaHDzXPcE3xhTkx73EhmCGUpEOglKo=
github.com/stretchr/testify v1.7.1/go.mod h1:6Fq8oRcR53rry900zMqJjRRixrwX3KX962/h/Wwjteg=
github.com/stretchr/testify v1.8.0/go.mod h1:yNjHg4UonilssWZ8iaSj1OCr/vHnekPRkoO+kdMU+MU=
github.com/stretchr/testify v1.8.4 h1:CcVxjf3Q8PM0mHUKJCdn+eZZtm5yQwehR5yeSVQQcUk=
github.com/stretchr/testify v1.8.4/go.mod h1:sz/lmYIOXD/1dqDmKjjqLyZ2RngseejIcXlSw2iwfAo=
github.com/walteh/snake v0.0.0-simver-test-a h1:D0d5gdguO5RistSDftQWM4JSxkwK8qNBq5Aqi6zuzOk=
github.com/walteh/snake v0.0.0-simver-test-a/go.mod h1:2CyOw00AbrujT3hhI0CPQWQnYP/9NF9s9y3HmTQtDDs=
github.com/walteh/snake v0.0.0-simver-test-b h1:tDW9kgZEFv9IpH9TKVHl0q0extqLf1iTzQwE6S+knWg=
github.com/walteh/snake v0.0.0-simver-test-b/go.mod h1:2CyOw00AbrujT3hhI0CPQWQnYP/9NF9s9y3HmTQtDDs=
github.com/walteh/snake v0.15.1 h1:7F/DG58MJrU7UyvxKsgW7g8OqtllPcIV8vacQ0iGWlQ=
github.com/walteh/snake v0.15.1/go.mod h1:2CyOw00AbrujT3hhI0CPQWQnYP/9NF9s9y3HmTQtDDs=
github.com/walteh/terrors v0.1.2 h1:UsA5HQ+oBTKXLaJFEvT5CW3Wfk5hGThHUxXuK3sA2jI=
github.com/walteh/terrors v0.1.2/go.mod h1:txmqqCK7EbLSUFRXzsRDR8b9oDMX6aywzRSGKiQOdEQ=
github.com/walteh/terrors v0.2.0 h1:sshzvNBJPh9880DhcPKgoAeVIdlt++uv1p4VKFyNPAo=
github.com/walteh/terrors v0.2.0/go.mod h1:txmqqCK7EbLSUFRXzsRDR8b9oDMX6aywzRSGKiQOdEQ=
github.com/walteh/terrors v0.2.1 h1:MDApYtWQb0Zjw+O9as46poPoVP0p7mqiOQN5kmgAqYg=
github.com/walteh/terrors v0.2.1/go.mod h1:txmqqCK7EbLSUFRXzsRDR8b9oDMX6aywzRSGKiQOdEQ=
github.com/walteh/terrors v0.2.2 h1:ObHdAsx3TaXeKeAxlCYuTV71cF4jTgHO1ZEsxE1Wolg=
github.com/walteh/terrors v0.2.2/go.mod h1:txmqqCK7EbLSUFRXzsRDR8b9oDMX6aywzRSGKiQOdEQ=
github.com/walteh/terrors v0.2.3 h1:1RCb38X50AR+mqfRpZQ+W6c/Xhddz4qki0nuG4MIrDY=
github.com/walteh/terrors v0.2.3/go.mod h1:txmqqCK7EbLSUFRXzsRDR8b9oDMX6aywzRSGKiQOdEQ=
github.com/walteh/terrors v0.2.4 h1:YEP3tSlIz18wgsW7EVwBK5nZr1Y0vSoPYgp6Krr5ofw=
github.com/walteh/terrors v0.2.4/go.mod h1:txmqqCK7EbLSUFRXzsRDR8b9oDMX6aywzRSGKiQOdEQ=
github.com/walteh/terrors v0.2.5 h1:4lYbRzCZ7LzLDPiA7/ykJD3oQcrhznIIROCQEGrS1VU=
github.com/walteh/terrors v0.2.5/go.mod h1:txmqqCK7EbLSUFRXzsRDR8b9oDMX6aywzRSGKiQOdEQ=
github.com/walteh/terrors v0.2.6 h1:bluJszqQIEVldxU4Ur9GaOLEaVKLdWwuFW8dwKRzHhw=
github.com/walteh/terrors v0.2.6/go.mod h1:txmqqCK7EbLSUFRXzsRDR8b9oDMX6aywzRSGKiQOdEQ=
golang.org/x/mod v0.14.0 h1:dGoOF9QVLYng8IHTm7BAyWqCqSheQ5pYWGhzW00YJr0=
golang.org/x/mod v0.14.0/go.mod h1:hTbmBsO62+eylJbnUtE2MGJUyE7QWk4xUqPFrRgJ+7c=
golang.org/x/sys v0.0.0-20220811171246-fbc7d0a398ab/go.mod h1:oPkhp1MJrh7nUepCBck5+mAzfO9JrbApNNgaTdGDITg=
golang.org/x/sys v0.6.0/go.mod h1:oPkhp1MJrh7nUepCBck5+mAzfO9JrbApNNgaTdGDITg=
golang.org/x/sys v0.12.0/go.mod h1:oPkhp1MJrh7nUepCBck5+mAzfO9JrbApNNgaTdGDITg=
golang.org/x/sys v0.14.0 h1:Vz7Qs629MkJkGyHxUlRHizWJRG2j8fbQKjELVSNhy7Q=
golang.org/x/sys v0.14.0/go.mod h1:/VUhepiaJMQUp4+oa/7Zr1D23ma6VTLIYjOOTFZPUcA=
golang.org/x/text v0.13.0 h1:ablQoSUd0tRdKxZewP80B+BaqeKJuVhuRxj/dkrun3k=
golang.org/x/text v0.13.0/go.mod h1:TvPlkZtksWOMsz7fbANvkp4WM8x/WCo/om8BMLbz+aE=
gopkg.in/check.v1 v0.0.0-20161208181325-20d25e280405 h1:yhCVgyC4o1eVCa2tZl7eS0r+SDo693bJlVdllGtEeKM=
gopkg.in/check.v1 v0.0.0-20161208181325-20d25e280405/go.mod h1:Co6ibVJAznAaIkqp8huTwlJQCZ016jof/cbN4VW5Yz0=
gopkg.in/yaml.v3 v3.0.0-20200313102051-9f266ea9e77c/go.mod h1:K4uyk7z7BCEPqu6E+C64Yfv1cQ7kz7rIZviUmN+EgEM=
gopkg.in/yaml.v3 v3.0.1 h1:fxVm/GzAzEWqLHuvctI91KS9hhNmmWOoWu0XTYJS7CA=
gopkg.in/yaml.v3 v3.0.1/go.mod h1:K4uyk7z7BCEPqu6E+C64Yfv1cQ7kz7rIZviUmN+EgEM=
